
Microsoft Visual Studio Solution File, Format Version 12.00
# Visual Studio 2017
Project("{FAE04EC0-301F-11D3-BF4B-00C04F79EFBC}") = "Tank_Map", "Tank_Map.csproj", "{1D2AD10A-340C-18C5-E722-8622F155A31C}"
EndProject
Global
	GlobalSection(SolutionConfigurationPlatforms) = preSolution
		Debug|Any CPU = Debug|Any CPU
		Release|Any CPU = Release|Any CPU
	EndGlobalSection
	GlobalSection(ProjectConfigurationPlatforms) = postSolution
		{1D2AD10A-340C-18C5-E722-8622F155A31C}.Debug|Any CPU.ActiveCfg = Debug|Any CPU
		{1D2AD10A-340C-18C5-E722-8622F155A31C}.Debug|Any CPU.Build.0 = Debug|Any CPU
		{1D2AD10A-340C-18C5-E722-8622F155A31C}.Release|Any CPU.ActiveCfg = Release|Any CPU
		{1D2AD10A-340C-18C5-E722-8622F155A31C}.Release|Any CPU.Build.0 = Release|Any CPU
	EndGlobalSection
	GlobalSection(SolutionProperties) = preSolution
		HideSolutionNode = FALSE
	EndGlobalSection
EndGlobal
